// !$*UTF8*$!
{
	archiveVersion = 1;
	classes = {
	};
	objectVersion = 46;
	objects = {

/* Begin PBXBuildFile section */
		142196E51DCEEA5900A90E00 /* AppDelegate.swift in Sources */ = {isa = PBXBuildFile; fileRef = 142196E41DCEEA5900A90E00 /* AppDelegate.swift */; };
		142196E71DCEEA5900A90E00 /* ViewController.swift in Sources */ = {isa = PBXBuildFile; fileRef = 142196E61DCEEA5900A90E00 /* ViewController.swift */; };
		142196EA1DCEEA5900A90E00 /* Main.storyboard in Resources */ = {isa = PBXBuildFile; fileRef = 142196E81DCEEA5900A90E00 /* Main.storyboard */; };
		142196EC1DCEEA5900A90E00 /* Assets.xcassets in Resources */ = {isa = PBXBuildFile; fileRef = 142196EB1DCEEA5900A90E00 /* Assets.xcassets */; };
		142196EF1DCEEA5900A90E00 /* LaunchScreen.storyboard in Resources */ = {isa = PBXBuildFile; fileRef = 142196ED1DCEEA5900A90E00 /* LaunchScreen.storyboard */; };
/* End PBXBuildFile section */

/* Begin PBXFileReference section */
		142196E11DCEEA5900A90E00 /* CATransform3D.app */ = {isa = PBXFileReference; explicitFileType = wrapper.application; includeInIndex = 0; path = CATransform3D.app; sourceTree = BUILT_PRODUCTS_DIR; };
		142196E41DCEEA5900A90E00 /* AppDelegate.swift */ = {isa = PBXFileReference; lastKnownFileType = sourcecode.swift; path = AppDelegate.swift; sourceTree = "<group>"; };
		142196E61DCEEA5900A90E00 /* ViewController.swift */ = {isa = PBXFileReference; lastKnownFileType = sourcecode.swift; path = ViewController.swift; sourceTree = "<group>"; };
		142196E91DCEEA5900A90E00 /* Base */ = {isa = PBXFileReference; lastKnownFileType = file.storyboard; name = Base; path = Base.lproj/Main.storyboard; sourceTree = "<group>"; };
		142196EB1DCEEA5900A90E00 /* Assets.xcassets */ = {isa = PBXFileReference; lastKnownFileType = folder.assetcatalog; path = Assets.xcassets; sourceTree = "<group>"; };
		142196EE1DCEEA5900A90E00 /* Base */ = {isa = PBXFileReference; lastKnownFileType = file.storyboard; name = Base; path = Base.lproj/LaunchScreen.storyboard; sourceTree = "<group>"; };
		142196F01DCEEA5900A90E00 /* Info.plist */ = {isa = PBXFileReference; lastKnownFileType = text.plist.xml; path = Info.plist; sourceTree = "<group>"; };
/* End PBXFileReference section */

/* Begin PBXFrameworksBuildPhase section */
		142196DE1DCEEA5800A90E00 /* Frameworks */ = {
			isa = PBXFrameworksBuildPhase;
			buildActionMask = 2147483647;
			files = (
			);
			runOnlyForDeploymentPostprocessing = 0;
		};
/* End PBXFrameworksBuildPhase section */

/* Begin PBXGroup section */
		142196D81DCEEA5800A90E00 = {
			isa = PBXGroup;
			children = (
				142196E31DCEEA5900A90E00 /* CATransform3D */,
				142196E21DCEEA5900A90E00 /* Products */,
			);
			sourceTree = "<group>";
		};
		142196E21DCEEA5900A90E00 /* Products */ = {
			isa = PBXGroup;
			children = (
				142196E11DCEEA5900A90E00 /* CATransform3D.app */,
			);
			name = Products;
			sourceTree = "<group>";
		};
		142196E31DCEEA5900A90E00 /* CATransform3D */ = {
			isa = PBXGroup;
			children = (
				142196E41DCEEA5900A90E00 /* AppDelegate.swift */,
				142196E61DCEEA5900A90E00 /* ViewController.swift */,
				142196E81DCEEA5900A90E00 /* Main.storyboard */,
				142196EB1DCEEA5900A90E00 /* Assets.xcassets */,
				142196ED1DCEEA5900A90E00 /* LaunchScreen.storyboard */,
				142196F01DCEEA5900A90E00 /* Info.plist */,
			);
			path = CATransform3D;
			sourceTree = "<group>";
		};
/* End PBXGroup section */

/* Begin PBXNativeTarget section */
		142196E01DCEEA5800A90E00 /* CATransform3D */ = {
			isa = PBXNativeTarget;
			buildConfigurationList = 142196F31DCEEA5900A90E00 /* Build configuration list for PBXNativeTarget "CATransform3D" */;
			buildPhases = (
				142196DD1DCEEA5800A90E00 /* Sources */,
				142196DE1DCEEA5800A90E00 /* Frameworks */,
				142196DF1DCEEA5800A90E00 /* Resources */,
			);
			buildRules = (
			);
			dependencies = (
			);
			name = CATransform3D;
			productName = CATransform3D;
			productReference = 142196E11DCEEA5900A90E00 /* CATransform3D.app */;
			productType = "com.apple.product-type.application";
		};
/* End PBXNativeTarget section */

/* Begin PBXProject section */
		142196D91DCEEA5800A90E00 /* Project object */ = {
			isa = PBXProject;
			attributes = {
				LastSwiftUpdateCheck = 0810;
				LastUpgradeCheck = 0810;
				ORGANIZATIONNAME = iGROOMGRiM;
				TargetAttributes = {
					142196E01DCEEA5800A90E00 = {
						CreatedOnToolsVersion = 8.1;
						DevelopmentTeam = 7W5MA8FGH5;
						ProvisioningStyle = Automatic;
					};
				};
			};
			buildConfigurationList = 142196DC1DCEEA5800A90E00 /* Build configuration list for PBXProject "CATransform3D" */;
			compatibilityVersion = "Xcode 3.2";
			developmentRegion = English;
			hasScannedForEncodings = 0;
			knownRegions = (
				en,
				Base,
			);
			mainGroup = 142196D81DCEEA5800A90E00;
			productRefGroup = 142196E21DCEEA5900A90E00 /* Products */;
			projectDirPath = "";
			projectRoot = "";
			targets = (
				142196E01DCEEA5800A90E00 /* CATransform3D */,
			);
		};
/* End PBXProject section */

/* Begin PBXResourcesBuildPhase section */
		142196DF1DCEEA5800A90E00 /* Resources */ = {
			isa = PBXResourcesBuildPhase;
			buildActionMask = 2147483647;
			files = (
				142196EF1DCEEA5900A90E00 /* LaunchScreen.storyboard in Resources */,
				142196EC1DCEEA5900A90E00 /* Assets.xcassets in Resources */,
				142196EA1DCEEA5900A90E00 /* Main.storyboard in Resources */,
			);
			runOnlyForDeploymentPostprocessing = 0;
		};
/* End PBXResourcesBuildPhase section */

/* Begin PBXSourcesBuildPhase section */
		142196DD1DCEEA5800A90E00 /* Sources */ = {
			isa = PBXSourcesBuildPhase;
			buildActionMask = 2147483647;
			files = (
				142196E71DCEEA5900A90E00 /* ViewController.swift in Sources */,
				142196E51DCEEA5900A90E00 /* AppDelegate.swift in Sources */,
			);
			runOnlyForDeploymentPostprocessing = 0;
		};
/* End PBXSourcesBuildPhase section */

/* Begin PBXVariantGroup section */
		142196E81DCEEA5900A90E00 /* Main.storyboard */ = {
			isa = PBXVariantGroup;
			children = (
				142196E91DCEEA5900A90E00 /* Base */,
			);
			name = Main.storyboard;
			sourceTree = "<group>";
		};
		142196ED1DCEEA5900A90E00 /* LaunchScreen.storyboard */ = {
			isa = PBXVariantGroup;
			children = (
				142196EE1DCEEA5900A90E00 /* Base */,
			);
			name = LaunchScreen.storyboard;
			sourceTree = "<group>";
		};
/* End PBXVariantGroup section */

/* Begin XCBuildConfiguration section */
		142196F11DCEEA5900A90E00 /* Debug */ = {
			isa = XCBuildConfiguration;
			buildSettings = {
				ALWAYS_SEARCH_USER_PATHS = NO;
				CLANG_ANALYZER_NONNULL = YES;
				CLANG_CXX_LANGUAGE_STANDARD = "gnu++0x";
				CLANG_CXX_LIBRARY = "libc++";
				CLANG_ENABLE_MODULES = YES;
				CLANG_ENABLE_OBJC_ARC = YES;
				CLANG_WARN_BOOL_CONVERSION = YES;
				CLANG_WARN_CONSTANT_CONVERSION = YES;
				CLANG_WARN_DIRECT_OBJC_ISA_USAGE = YES_ERROR;
				CLANG_WARN_DOCUMENTATION_COMMENTS = YES;
				CLANG_WARN_EMPTY_BODY = YES;
				CLANG_WARN_ENUM_CONVERSION = YES;
				CLANG_WARN_INFINITE_RECURSION = YES;
				CLANG_WARN_INT_CONVERSION = YES;
				CLANG_WARN_OBJC_ROOT_CLASS = YES_ERROR;
				CLANG_WARN_SUSPICIOUS_MOVES = YES;
				CLANG_WARN_UNREACHABLE_CODE = YES;
				CLANG_WARN__DUPLICATE_METHOD_MATCH = YES;
				"CODE_SIGN_IDENTITY[sdk=iphoneos*]" = "iPhone Developer";
				COPY_PHASE_STRIP = NO;
				DEBUG_INFORMATION_FORMAT = dwarf;
				ENABLE_STRICT_OBJC_MSGSEND = YES;
				ENABLE_TESTABILITY = YES;
				GCC_C_LANGUAGE_STANDARD = gnu99;
				GCC_DYNAMIC_NO_PIC = NO;
				GCC_NO_COMMON_BLOCKS = YES;
				GCC_OPTIMIZATION_LEVEL = 0;
				GCC_PREPROCESSOR_DEFINITIONS = (
					"DEBUG=1",
					"$(inherited)",
				);
				GCC_WARN_64_TO_32_BIT_CONVERSION = YES;
				GCC_WARN_ABOUT_RETURN_TYPE = YES_ERROR;
				GCC_WARN_UNDECLARED_SELECTOR = YES;
				GCC_WARN_UNINITIALIZED_AUTOS = YES_AGGRESSIVE;
				GCC_WARN_UNUSED_FUNCTION = YES;
				GCC_WARN_UNUSED_VARIABLE = YES;
				IPHONEOS_DEPLOYMENT_TARGET = 10.1;
				MTL_ENABLE_DEBUG_INFO = YES;
				ONLY_ACTIVE_ARCH = YES;
				SDKROOT = iphoneos;
				SWIFT_ACTIVE_COMPILATION_CONDITIONS = DEBUG;
				SWIFT_OPTIMIZATION_LEVEL = "-Onone";
			};
			name = Debug;
		};
		142196F21DCEEA5900A90E00 /* Release */ = {
			isa = XCBuildConfiguration;
			buildSettings = {
				ALWAYS_SEARCH_USER_PATHS = NO;
				CLANG_ANALYZER_NONNULL = YES;
				CLANG_CXX_LANGUAGE_STANDARD = "gnu++0x";
				CLANG_CXX_LIBRARY = "libc++";
				CLANG_ENABLE_MODULES = YES;
				CLANG_ENABLE_OBJC_ARC = YES;
				CLANG_WARN_BOOL_CONVERSION = YES;
				CLANG_WARN_CONSTANT_CONVERSION = YES;
				CLANG_WARN_DIRECT_OBJC_ISA_USAGE = YES_ERROR;
				CLANG_WARN_DOCUMENTATION_COMMENTS = YES;
				CLANG_WARN_EMPTY_BODY = YES;
				CLANG_WARN_ENUM_CONVERSION = YES;
				CLANG_WARN_INFINITE_RECURSION = YES;
				CLANG_WARN_INT_CONVERSION = YES;
				CLANG_WARN_OBJC_ROOT_CLASS = YES_ERROR;
				CLANG_WARN_SUSPICIOUS_MOVES = YES;
				CLANG_WARN_UNREACHABLE_CODE = YES;
				CLANG_WARN__DUPLICATE_METHOD_MATCH = YES;
				"CODE_SIGN_IDENTITY[sdk=iphoneos*]" = "iPhone Developer";
				COPY_PHASE_STRIP = NO;
				DEBUG_INFORMATION_FORMAT = "dwarf-with-dsym";
				ENABLE_NS_ASSERTIONS = NO;
				ENABLE_STRICT_OBJC_MSGSEND = YES;
				GCC_C_LANGUAGE_STANDARD = gnu99;
				GCC_NO_COMMON_BLOCKS = YES;
				GCC_WARN_64_TO_32_BIT_CONVERSION = YES;
				GCC_WARN_ABOUT_RETURN_TYPE = YES_ERROR;
				GCC_WARN_UNDECLARED_SELECTOR = YES;
				GCC_WARN_UNINITIALIZED_AUTOS = YES_AGGRESSIVE;
				GCC_WARN_UNUSED_FUNCTION = YES;
				GCC_WARN_UNUSED_VARIABLE = YES;
				IPHONEOS_DEPLOYMENT_TARGET = 10.1;
				MTL_ENABLE_DEBUG_INFO = NO;
				SDKROOT = iphoneos;
				SWIFT_OPTIMIZATION_LEVEL = "-Owholemodule";
				VALIDATE_PRODUCT = YES;
			};
			name = Release;
		};
		142196F41DCEEA5900A90E00 /* Debug */ = {
			isa = XCBuildConfiguration;
			buildSettings = {
				ASSETCATALOG_COMPILER_APPICON_NAME = AppIcon;
				DEVELOPMENT_TEAM = 7W5MA8FGH5;
				INFOPLIST_FILE = CATransform3D/Info.plist;
				LD_RUNPATH_SEARCH_PATHS = "$(inherited) @executable_path/Frameworks";
				PRODUCT_BUNDLE_IDENTIFIER = com.igroomgrim.CATransform3D;
				PRODUCT_NAME = "$(TARGET_NAME)";
				SWIFT_VERSION = 3.0;
			};
			name = Debug;
		};
		142196F51DCEEA5900A90E00 /* Release */ = {
			isa = XCBuildConfiguration;
			buildSettings = {
				ASSETCATALOG_COMPILER_APPICON_NAME = AppIcon;
				DEVELOPMENT_TEAM = 7W5MA8FGH5;
				INFOPLIST_FILE = CATransform3D/Info.plist;
				LD_RUNPATH_SEARCH_PATHS = "$(inherited) @executable_path/Frameworks";
				PRODUCT_BUNDLE_IDENTIFIER = com.igroomgrim.CATransform3D;
				PRODUCT_NAME = "$(TARGET_NAME)";
				SWIFT_VERSION = 3.0;
			};
			name = Release;
		};
/* End XCBuildConfiguration section */

/* Begin XCConfigurationList section */
		142196DC1DCEEA5800A90E00 /* Build configuration list for PBXProject "CATransform3D" */ = {
			isa = XCConfigurationList;
			buildConfigurations = (
				142196F11DCEEA5900A90E00 /* Debug */,
				142196F21DCEEA5900A90E00 /* Release */,
			);
			defaultConfigurationIsVisible = 0;
			defaultConfigurationName = Release;
		};
		142196F31DCEEA5900A90E00 /* Build configuration list for PBXNativeTarget "CATransform3D" */ = {
			isa = XCConfigurationList;
			buildConfigurations = (
				142196F41DCEEA5900A90E00 /* Debug */,
				142196F51DCEEA5900A90E00 /* Release */,
			);
			defaultConfigurationIsVisible = 0;
		};
/* End XCConfigurationList section */
	};
	rootObject = 142196D91DCEEA5800A90E00 /* Project object */;
}
